
Microsoft Visual Studio Solution File, Format Version 12.00
# Visual Studio Version 17
VisualStudioVersion = 17.8.34408.163
MinimumVisualStudioVersion = 10.0.40219.1
Project("{8BC9CEB8-8B4A-11D0-8D11-00A0C91BC942}") = "Moving objects", "Moving objects.vcxproj", "{FE8EC0E7-54BC-457A-BF72-C26497AF992B}"
EndProject
Global
	GlobalSection(SolutionConfigurationPlatforms) = preSolution
		Debug|x64 = Debug|x64
		Debug|x86 = Debug|x86
		Release|x64 = Release|x64
		Release|x86 = Release|x86
	EndGlobalSection
	GlobalSection(ProjectConfigurationPlatforms) = postSolution
		{FE8EC0E7-54BC-457A-BF72-C26497AF992B}.Debug|x64.ActiveCfg = Debug|x64
		{FE8EC0E7-54BC-457A-BF72-C26497AF992B}.Debug|x64.Build.0 = Debug|x64
		{FE8EC0E7-54BC-457A-BF72-C26497AF992B}.Debug|x86.ActiveCfg = Debug|Win32
		{FE8EC0E7-54BC-457A-BF72-C26497AF992B}.Debug|x86.Build.0 = Debug|Win32
		{FE8EC0E7-54BC-457A-BF72-C26497AF992B}.Release|x64.ActiveCfg = Release|x64
		{FE8EC0E7-54BC-457A-BF72-C26497AF992B}.Release|x64.Build.0 = Release|x64
		{FE8EC0E7-54BC-457A-BF72-C26497AF992B}.Release|x86.ActiveCfg = Release|Win32
		{FE8EC0E7-54BC-457A-BF72-C26497AF992B}.Release|x86.Build.0 = Release|Win32
	EndGlobalSection
	GlobalSection(SolutionProperties) = preSolution
		HideSolutionNode = FALSE
	EndGlobalSection
	GlobalSection(ExtensibilityGlobals) = postSolution
		SolutionGuid = {0F2FC1DA-7A80-4762-B430-2F31D480349C}
	EndGlobalSection
EndGlobal
